
Microsoft Visual Studio Solution File, Format Version 12.00
# Visual Studio Version 17
VisualStudioVersion = 17.14.37411.7
MinimumVisualStudioVersion = 10.0.40219.1
Project("{FAE04EC0-301F-11D3-BF4B-00C04F79EFBC}") = "LibreryPro1", "LibreryPro1\LibreryPro1.csproj", "{C75ABC2C-10C2-405C-A0CD-2C7151A52AD2}"
EndProject
Global
	GlobalSection(SolutionConfigurationPlatforms) = preSolution
		Debug|Any CPU = Debug|Any CPU
		Release|Any CPU = Release|Any CPU
	EndGlobalSection
	GlobalSection(ProjectConfigurationPlatforms) = postSolution
		{C75ABC2C-10C2-405C-A0CD-2C7151A52AD2}.Debug|Any CPU.ActiveCfg = Debug|Any CPU
		{C75ABC2C-10C2-405C-A0CD-2C7151A52AD2}.Debug|Any CPU.Build.0 = Debug|Any CPU
		{C75ABC2C-10C2-405C-A0CD-2C7151A52AD2}.Release|Any CPU.ActiveCfg = Release|Any CPU
		{C75ABC2C-10C2-405C-A0CD-2C7151A52AD2}.Release|Any CPU.Build.0 = Release|Any CPU
	EndGlobalSection
	GlobalSection(SolutionProperties) = preSolution
		HideSolutionNode = FALSE
	EndGlobalSection
	GlobalSection(ExtensibilityGlobals) = postSolution
		SolutionGuid = {303D240E-61E4-405B-A118-FC041D9061D5}
	EndGlobalSection
EndGlobal
